// !$*UTF8*$!
{
	archiveVersion = 1;
	classes = {
	};
	objectVersion = 46;
	objects = {

/* Begin PBXBuildFile section */
		5D5024CB1F70E46B00924CCD /* XL_FMDB.m in Sources */ = {isa = PBXBuildFile; fileRef = 5D5024CA1F70E46B00924CCD /* XL_FMDB.m */; };
		5D5024CE1F70E47400924CCD /* WarningBox.m in Sources */ = {isa = PBXBuildFile; fileRef = 5D5024CD1F70E47400924CCD /* WarningBox.m */; };
		5D5024D11F70E47B00924CCD /* Color+Hex.m in Sources */ = {isa = PBXBuildFile; fileRef = 5D5024D01F70E47B00924CCD /* Color+Hex.m */; };
		5DEA439B1F6FB3A000486956 /* main.m in Sources */ = {isa = PBXBuildFile; fileRef = 5DEA439A1F6FB3A000486956 /* main.m */; };
		5DEA439E1F6FB3A000486956 /* AppDelegate.m in Sources */ = {isa = PBXBuildFile; fileRef = 5DEA439D1F6FB3A000486956 /* AppDelegate.m */; };
		5DEA43A11F6FB3A000486956 /* DengLu_ViewController.m in Sources */ = {isa = PBXBuildFile; fileRef = 5DEA43A01F6FB3A000486956 /* DengLu_ViewController.m */; };
		5DEA43A41F6FB3A000486956 /* Main.storyboard in Resources */ = {isa = PBXBuildFile; fileRef = 5DEA43A21F6FB3A000486956 /* Main.storyboard */; };
		5DEA43A61F6FB3A000486956 /* Assets.xcassets in Resources */ = {isa = PBXBuildFile; fileRef = 5DEA43A51F6FB3A000486956 /* Assets.xcassets */; };
		5DEA43A91F6FB3A000486956 /* LaunchScreen.storyboard in Resources */ = {isa = PBXBuildFile; fileRef = 5DEA43A71F6FB3A000486956 /* LaunchScreen.storyboard */; };
		5DEA43B41F6FB3A000486956 /* Aishixi_XueShengTests.m in Sources */ = {isa = PBXBuildFile; fileRef = 5DEA43B31F6FB3A000486956 /* Aishixi_XueShengTests.m */; };
		5DEA43BF1F6FB3A000486956 /* Aishixi_XueShengUITests.m in Sources */ = {isa = PBXBuildFile; fileRef = 5DEA43BE1F6FB3A000486956 /* Aishixi_XueShengUITests.m */; };
		D71AE8501F70AD0F006F542B /* maincellTableViewCell.m in Sources */ = {isa = PBXBuildFile; fileRef = D71AE84F1F70AD0F006F542B /* maincellTableViewCell.m */; };
		D71AE8681F70FAE7006F542B /* AttendanceViewController.m in Sources */ = {isa = PBXBuildFile; fileRef = D71AE8671F70FAE7006F542B /* AttendanceViewController.m */; };
		D71AE86B1F70FB08006F542B /* NoticeViewController.m in Sources */ = {isa = PBXBuildFile; fileRef = D71AE86A1F70FB08006F542B /* NoticeViewController.m */; };
		D71AE86E1F70FB24006F542B /* AdvisoryViewController.m in Sources */ = {isa = PBXBuildFile; fileRef = D71AE86D1F70FB24006F542B /* AdvisoryViewController.m */; };
		D71AE8711F70FB63006F542B /* NoticeInfoViewController.m in Sources */ = {isa = PBXBuildFile; fileRef = D71AE8701F70FB63006F542B /* NoticeInfoViewController.m */; };
		D71AE8761F70FBC5006F542B /* AdvisoryInfoViewController.m in Sources */ = {isa = PBXBuildFile; fileRef = D71AE8751F70FBC5006F542B /* AdvisoryInfoViewController.m */; };
		D71B6F931F7894A800AA91BE /* SetViewController.m in Sources */ = {isa = PBXBuildFile; fileRef = D71B6F921F7894A700AA91BE /* SetViewController.m */; };
		D71B6F961F78E36B00AA91BE /* AppraiseViewController.m in Sources */ = {isa = PBXBuildFile; fileRef = D71B6F951F78E36B00AA91BE /* AppraiseViewController.m */; };
		D72E12EF1F7A320C0081DB1B /* NavagationViewController.m in Sources */ = {isa = PBXBuildFile; fileRef = D72E12EE1F7A320C0081DB1B /* NavagationViewController.m */; };
		D7368F1E1F8EF6A900514742 /* MainViewController.m in Sources */ = {isa = PBXBuildFile; fileRef = D7368F1D1F8EF6A900514742 /* MainViewController.m */; };
		D7368F2F1F8F3D6600514742 /* TAAbstractDotView.m in Sources */ = {isa = PBXBuildFile; fileRef = D7368F221F8F3D6600514742 /* TAAbstractDotView.m */; };
		D7368F301F8F3D6600514742 /* TAAnimatedDotView.m in Sources */ = {isa = PBXBuildFile; fileRef = D7368F241F8F3D6600514742 /* TAAnimatedDotView.m */; };
		D7368F311F8F3D6600514742 /* TADotView.m in Sources */ = {isa = PBXBuildFile; fileRef = D7368F261F8F3D6600514742 /* TADotView.m */; };
		D7368F321F8F3D6600514742 /* TAPageControl.m in Sources */ = {isa = PBXBuildFile; fileRef = D7368F281F8F3D6600514742 /* TAPageControl.m */; };
		D7368F331F8F3D6600514742 /* SDCollectionViewCell.m in Sources */ = {isa = PBXBuildFile; fileRef = D7368F2A1F8F3D6600514742 /* SDCollectionViewCell.m */; };
		D7368F341F8F3D6600514742 /* SDCycleScrollView.m in Sources */ = {isa = PBXBuildFile; fileRef = D7368F2C1F8F3D6600514742 /* SDCycleScrollView.m */; };
		D7368F351F8F3D6600514742 /* UIView+SDExtension.m in Sources */ = {isa = PBXBuildFile; fileRef = D7368F2E1F8F3D6600514742 /* UIView+SDExtension.m */; };
		D7368F361F8F59C100514742 /* XL_WangLuo.m in Sources */ = {isa = PBXBuildFile; fileRef = 5D261E0F1F7B6C9B00724B6B /* XL_WangLuo.m */; };
		D73E18DD1F8DC053005A0456 /* LICENSE in Resources */ = {isa = PBXBuildFile; fileRef = D73E18AD1F8DC053005A0456 /* LICENSE */; };
		D73E18DE1F8DC053005A0456 /* AbstractActionSheetPicker.m in Sources */ = {isa = PBXBuildFile; fileRef = D73E18B01F8DC053005A0456 /* AbstractActionSheetPicker.m */; };
		D73E18DF1F8DC053005A0456 /* ActionSheetCustomPicker.m in Sources */ = {isa = PBXBuildFile; fileRef = D73E18B21F8DC053005A0456 /* ActionSheetCustomPicker.m */; };
		D73E18E01F8DC053005A0456 /* ActionSheetDatePicker.m in Sources */ = {isa = PBXBuildFile; fileRef = D73E18B51F8DC053005A0456 /* ActionSheetDatePicker.m */; };
		D73E18E11F8DC053005A0456 /* ActionSheetDistancePicker.m in Sources */ = {isa = PBXBuildFile; fileRef = D73E18B71F8DC053005A0456 /* ActionSheetDistancePicker.m */; };
		D73E18E21F8DC053005A0456 /* ActionSheetLocalePicker.m in Sources */ = {isa = PBXBuildFile; fileRef = D73E18B91F8DC053005A0456 /* ActionSheetLocalePicker.m */; };
		D73E18E31F8DC053005A0456 /* ActionSheetMultipleStringPicker.m in Sources */ = {isa = PBXBuildFile; fileRef = D73E18BB1F8DC053005A0456 /* ActionSheetMultipleStringPicker.m */; };
		D73E18E41F8DC053005A0456 /* ActionSheetStringPicker.m in Sources */ = {isa = PBXBuildFile; fileRef = D73E18BE1F8DC053005A0456 /* ActionSheetStringPicker.m */; };
		D73E18E51F8DC053005A0456 /* DistancePickerView.m in Sources */ = {isa = PBXBuildFile; fileRef = D73E18C01F8DC053005A0456 /* DistancePickerView.m */; };
		D73E18E61F8DC053005A0456 /* SWActionSheet.m in Sources */ = {isa = PBXBuildFile; fileRef = D73E18C21F8DC053005A0456 /* SWActionSheet.m */; };
		D73E18E71F8DC053005A0456 /* README.md in Sources */ = {isa = PBXBuildFile; fileRef = D73E18C31F8DC053005A0456 /* README.md */; };
		D73E18E81F8DC053005A0456 /* LICENSE in Resources */ = {isa = PBXBuildFile; fileRef = D73E18C51F8DC053005A0456 /* LICENSE */; };
		D73E18E91F8DC053005A0456 /* MJExtensionConst.m in Sources */ = {isa = PBXBuildFile; fileRef = D73E18C91F8DC053005A0456 /* MJExtensionConst.m */; };
		D73E18EA1F8DC053005A0456 /* MJFoundation.m in Sources */ = {isa = PBXBuildFile; fileRef = D73E18CB1F8DC053005A0456 /* MJFoundation.m */; };
		D73E18EB1F8DC053005A0456 /* MJProperty.m in Sources */ = {isa = PBXBuildFile; fileRef = D73E18CD1F8DC053005A0456 /* MJProperty.m */; };
		D73E18EC1F8DC053005A0456 /* MJPropertyKey.m in Sources */ = {isa = PBXBuildFile; fileRef = D73E18CF1F8DC053005A0456 /* MJPropertyKey.m */; };
		D73E18ED1F8DC053005A0456 /* MJPropertyType.m in Sources */ = {isa = PBXBuildFile; fileRef = D73E18D11F8DC053005A0456 /* MJPropertyType.m */; };
		D73E18EE1F8DC053005A0456 /* NSObject+MJClass.m in Sources */ = {isa = PBXBuildFile; fileRef = D73E18D31F8DC053005A0456 /* NSObject+MJClass.m */; };
		D73E18EF1F8DC053005A0456 /* NSObject+MJCoding.m in Sources */ = {isa = PBXBuildFile; fileRef = D73E18D51F8DC053005A0456 /* NSObject+MJCoding.m */; };
		D73E18F01F8DC053005A0456 /* NSObject+MJKeyValue.m in Sources */ = {isa = PBXBuildFile; fileRef = D73E18D71F8DC053005A0456 /* NSObject+MJKeyValue.m */; };
		D73E18F11F8DC053005A0456 /* NSObject+MJProperty.m in Sources */ = {isa = PBXBuildFile; fileRef = D73E18D91F8DC053005A0456 /* NSObject+MJProperty.m */; };
		D73E18F21F8DC053005A0456 /* NSString+MJExtension.m in Sources */ = {isa = PBXBuildFile; fileRef = D73E18DB1F8DC053005A0456 /* NSString+MJExtension.m */; };
		D73E18F31F8DC053005A0456 /* README.md in Sources */ = {isa = PBXBuildFile; fileRef = D73E18DC1F8DC053005A0456 /* README.md */; };
		D73E18F51F8DC06E005A0456 /* address.json in Resources */ = {isa = PBXBuildFile; fileRef = D73E18F41F8DC06E005A0456 /* address.json */; };
		D744AFAA1F6FC27700F701B7 /* MainTableViewController.m in Sources */ = {isa = PBXBuildFile; fileRef = D744AFA91F6FC27700F701B7 /* MainTableViewController.m */; };
		D75AB1F91F720FD1005E9BBE /* EditAdvisoryViewController.m in Sources */ = {isa = PBXBuildFile; fileRef = D75AB1F81F720FD1005E9BBE /* EditAdvisoryViewController.m */; };
		D75AB1FC1F725FB6005E9BBE /* DiaryListViewController.m in Sources */ = {isa = PBXBuildFile; fileRef = D75AB1FB1F725FB6005E9BBE /* DiaryListViewController.m */; };
		D75AB1FF1F725FC9005E9BBE /* EditDiaryViewController.m in Sources */ = {isa = PBXBuildFile; fileRef = D75AB1FE1F725FC9005E9BBE /* EditDiaryViewController.m */; };
		D75AB2021F725FD8005E9BBE /* DiaryInfoViewController.m in Sources */ = {isa = PBXBuildFile; fileRef = D75AB2011F725FD8005E9BBE /* DiaryInfoViewController.m */; };
		D75F0AA71F74ABBA007A81C2 /* MySelfTableViewController.m in Sources */ = {isa = PBXBuildFile; fileRef = D75F0AA61F74ABBA007A81C2 /* MySelfTableViewController.m */; };
		D777FD4D1F7DE7690083860A /* ChangePassViewController.m in Sources */ = {isa = PBXBuildFile; fileRef = D777FD4C1F7DE7690083860A /* ChangePassViewController.m */; };
		E41EB04D14C95547A87DBF1D /* libPods-Aishixi_XueSheng.a in Frameworks */ = {isa = PBXBuildFile; fileRef = 2A8EF527B96D308D1924E2E1 /* libPods-Aishixi_XueSheng.a */; };
/* End PBXBuildFile section */

/* Begin PBXContainerItemProxy section */
		5DEA43B01F6FB3A000486956 /* PBXContainerItemProxy */ = {
			isa = PBXContainerItemProxy;
			containerPortal = 5DEA438E1F6FB3A000486956 /* Project object */;
			proxyType = 1;
			remoteGlobalIDString = 5DEA43951F6FB3A000486956;
			remoteInfo = Aishixi_XueSheng;
		};
		5DEA43BB1F6FB3A000486956 /* PBXContainerItemProxy */ = {
			isa = PBXContainerItemProxy;
			containerPortal = 5DEA438E1F6FB3A000486956 /* Project object */;
			proxyType = 1;
			remoteGlobalIDString = 5DEA43951F6FB3A000486956;
			remoteInfo = Aishixi_XueSheng;
		};
/* End PBXContainerItemProxy section */

/* Begin PBXFileReference section */
		2A8EF527B96D308D1924E2E1 /* libPods-Aishixi_XueSheng.a */ = {isa = PBXFileReference; explicitFileType = archive.ar; includeInIndex = 0; path = "libPods-Aishixi_XueSheng.a"; sourceTree = BUILT_PRODUCTS_DIR; };
		5D261E0D1F7B6C9A00724B6B /* XL_WangLuo.h */ = {isa = PBXFileReference; lastKnownFileType = sourcecode.c.h; path = XL_WangLuo.h; sourceTree = "<group>"; };
		5D261E0E1F7B6C9A00724B6B /* XL_TouWenJian.h */ = {isa = PBXFileReference; lastKnownFileType = sourcecode.c.h; path = XL_TouWenJian.h; sourceTree = "<group>"; };
		5D261E0F1F7B6C9B00724B6B /* XL_WangLuo.m */ = {isa = PBXFileReference; lastKnownFileType = sourcecode.c.objc; path = XL_WangLuo.m; sourceTree = "<group>"; };
		5D261E101F7B6C9B00724B6B /* XL_Header.h */ = {isa = PBXFileReference; lastKnownFileType = sourcecode.c.h; path = XL_Header.h; sourceTree = "<group>"; };
		5D5024C91F70E46B00924CCD /* XL_FMDB.h */ = {isa = PBXFileReference; fileEncoding = 4; lastKnownFileType = sourcecode.c.h; path = XL_FMDB.h; sourceTree = "<group>"; };
		5D5024CA1F70E46B00924CCD /* XL_FMDB.m */ = {isa = PBXFileReference; fileEncoding = 4; lastKnownFileType = sourcecode.c.objc; path = XL_FMDB.m; sourceTree = "<group>"; };
		5D5024CC1F70E47400924CCD /* WarningBox.h */ = {isa = PBXFileReference; fileEncoding = 4; lastKnownFileType = sourcecode.c.h; path = WarningBox.h; sourceTree = "<group>"; };
		5D5024CD1F70E47400924CCD /* WarningBox.m */ = {isa = PBXFileReference; fileEncoding = 4; lastKnownFileType = sourcecode.c.objc; path = WarningBox.m; sourceTree = "<group>"; };
		5D5024CF1F70E47B00924CCD /* Color+Hex.h */ = {isa = PBXFileReference; fileEncoding = 4; lastKnownFileType = sourcecode.c.h; path = "Color+Hex.h"; sourceTree = "<group>"; };
		5D5024D01F70E47B00924CCD /* Color+Hex.m */ = {isa = PBXFileReference; fileEncoding = 4; lastKnownFileType = sourcecode.c.objc; path = "Color+Hex.m"; sourceTree = "<group>"; };
		5DEA43961F6FB3A000486956 /* Aishixi_XueSheng.app */ = {isa = PBXFileReference; explicitFileType = wrapper.application; includeInIndex = 0; path = Aishixi_XueSheng.app; sourceTree = BUILT_PRODUCTS_DIR; };
		5DEA439A1F6FB3A000486956 /* main.m */ = {isa = PBXFileReference; lastKnownFileType = sourcecode.c.objc; path = main.m; sourceTree = "<group>"; };
		5DEA439C1F6FB3A000486956 /* AppDelegate.h */ = {isa = PBXFileReference; lastKnownFileType = sourcecode.c.h; path = AppDelegate.h; sourceTree = "<group>"; };
		5DEA439D1F6FB3A000486956 /* AppDelegate.m */ = {isa = PBXFileReference; lastKnownFileType = sourcecode.c.objc; path = AppDelegate.m; sourceTree = "<group>"; };
		5DEA439F1F6FB3A000486956 /* DengLu_ViewController.h */ = {isa = PBXFileReference; lastKnownFileType = sourcecode.c.h; path = DengLu_ViewController.h; sourceTree = "<group>"; };
		5DEA43A01F6FB3A000486956 /* DengLu_ViewController.m */ = {isa = PBXFileReference; lastKnownFileType = sourcecode.c.objc; path = DengLu_ViewController.m; sourceTree = "<group>"; };
		5DEA43A31F6FB3A000486956 /* Base */ = {isa = PBXFileReference; lastKnownFileType = file.storyboard; name = Base; path = Base.lproj/Main.storyboard; sourceTree = "<group>"; };
		5DEA43A51F6FB3A000486956 /* Assets.xcassets */ = {isa = PBXFileReference; lastKnownFileType = folder.assetcatalog; path = Assets.xcassets; sourceTree = "<group>"; };
		5DEA43A81F6FB3A000486956 /* Base */ = {isa = PBXFileReference; lastKnownFileType = file.storyboard; name = Base; path = Base.lproj/LaunchScreen.storyboard; sourceTree = "<group>"; };
		5DEA43AA1F6FB3A000486956 /* Info.plist */ = {isa = PBXFileReference; lastKnownFileType = text.plist.xml; path = Info.plist; sourceTree = "<group>"; };
		5DEA43AF1F6FB3A000486956 /* Aishixi_XueShengTests.xctest */ = {isa = PBXFileReference; explicitFileType = wrapper.cfbundle; includeInIndex = 0; path = Aishixi_XueShengTests.xctest; sourceTree = BUILT_PRODUCTS_DIR; };
		5DEA43B31F6FB3A000486956 /* Aishixi_XueShengTests.m */ = {isa = PBXFileReference; lastKnownFileType = sourcecode.c.objc; path = Aishixi_XueShengTests.m; sourceTree = "<group>"; };
		5DEA43B51F6FB3A000486956 /* Info.plist */ = {isa = PBXFileReference; lastKnownFileType = text.plist.xml; path = Info.plist; sourceTree = "<group>"; };
		5DEA43BA1F6FB3A000486956 /* Aishixi_XueShengUITests.xctest */ = {isa = PBXFileReference; explicitFileType = wrapper.cfbundle; includeInIndex = 0; path = Aishixi_XueShengUITests.xctest; sourceTree = BUILT_PRODUCTS_DIR; };
		5DEA43BE1F6FB3A000486956 /* Aishixi_XueShengUITests.m */ = {isa = PBXFileReference; lastKnownFileType = sourcecode.c.objc; path = Aishixi_XueShengUITests.m; sourceTree = "<group>"; };
		5DEA43C01F6FB3A000486956 /* Info.plist */ = {isa = PBXFileReference; lastKnownFileType = text.plist.xml; path = Info.plist; sourceTree = "<group>"; };
		70C67E08E53B23DCAA31A9F0 /* Pods-Aishixi_XueSheng.release.xcconfig */ = {isa = PBXFileReference; includeInIndex = 1; lastKnownFileType = text.xcconfig; name = "Pods-Aishixi_XueSheng.release.xcconfig"; path = "Pods/Target Support Files/Pods-Aishixi_XueSheng/Pods-Aishixi_XueSheng.release.xcconfig"; sourceTree = "<group>"; };
		D53ADF550F0463FFF74C6C0F /* Pods-Aishixi_XueSheng.debug.xcconfig */ = {isa = PBXFileReference; includeInIndex = 1; lastKnownFileType = text.xcconfig; name = "Pods-Aishixi_XueSheng.debug.xcconfig"; path = "Pods/Target Support Files/Pods-Aishixi_XueSheng/Pods-Aishixi_XueSheng.debug.xcconfig"; sourceTree = "<group>"; };
		D71AE84E1F70AD0F006F542B /* maincellTableViewCell.h */ = {isa = PBXFileReference; fileEncoding = 4; lastKnownFileType = sourcecode.c.h; path = maincellTableViewCell.h; sourceTree = "<group>"; };
		D71AE84F1F70AD0F006F542B /* maincellTableViewCell.m */ = {isa = PBXFileReference; fileEncoding = 4; lastKnownFileType = sourcecode.c.objc; path = maincellTableViewCell.m; sourceTree = "<group>"; };
		D71AE8661F70FAE7006F542B /* AttendanceViewController.h */ = {isa = PBXFileReference; fileEncoding = 4; lastKnownFileType = sourcecode.c.h; path = AttendanceViewController.h; sourceTree = "<group>"; };
		D71AE8671F70FAE7006F542B /* AttendanceViewController.m */ = {isa = PBXFileReference; fileEncoding = 4; lastKnownFileType = sourcecode.c.objc; path = AttendanceViewController.m; sourceTree = "<group>"; };
		D71AE8691F70FB08006F542B /* NoticeViewController.h */ = {isa = PBXFileReference; fileEncoding = 4; lastKnownFileType = sourcecode.c.h; path = NoticeViewController.h; sourceTree = "<group>"; };
		D71AE86A1F70FB08006F542B /* NoticeViewController.m */ = {isa = PBXFileReference; fileEncoding = 4; lastKnownFileType = sourcecode.c.objc; path = NoticeViewController.m; sourceTree = "<group>"; };
		D71AE86C1F70FB24006F542B /* AdvisoryViewController.h */ = {isa = PBXFileReference; fileEncoding = 4; lastKnownFileType = sourcecode.c.h; path = AdvisoryViewController.h; sourceTree = "<group>"; };
		D71AE86D1F70FB24006F542B /* AdvisoryViewController.m */ = {isa = PBXFileReference; fileEncoding = 4; lastKnownFileType = sourcecode.c.objc; path = AdvisoryViewController.m; sourceTree = "<group>"; };
		D71AE86F1F70FB63006F542B /* NoticeInfoViewController.h */ = {isa = PBXFileReference; fileEncoding = 4; lastKnownFileType = sourcecode.c.h; path = NoticeInfoViewController.h; sourceTree = "<group>"; };
		D71AE8701F70FB63006F542B /* NoticeInfoViewController.m */ = {isa = PBXFileReference; fileEncoding = 4; lastKnownFileType = sourcecode.c.objc; path = NoticeInfoViewController.m; sourceTree = "<group>"; };
		D71AE8741F70FBC5006F542B /* AdvisoryInfoViewController.h */ = {isa = PBXFileReference; fileEncoding = 4; lastKnownFileType = sourcecode.c.h; path = AdvisoryInfoViewController.h; sourceTree = "<group>"; };
		D71AE8751F70FBC5006F542B /* AdvisoryInfoViewController.m */ = {isa = PBXFileReference; fileEncoding = 4; lastKnownFileType = sourcecode.c.objc; path = AdvisoryInfoViewController.m; sourceTree = "<group>"; };
		D71B6F911F7894A700AA91BE /* SetViewController.h */ = {isa = PBXFileReference; fileEncoding = 4; lastKnownFileType = sourcecode.c.h; path = SetViewController.h; sourceTree = "<group>"; };
		D71B6F921F7894A700AA91BE /* SetViewController.m */ = {isa = PBXFileReference; fileEncoding = 4; lastKnownFileType = sourcecode.c.objc; path = SetViewController.m; sourceTree = "<group>"; };
		D71B6F941F78E36B00AA91BE /* AppraiseViewController.h */ = {isa = PBXFileReference; fileEncoding = 4; lastKnownFileType = sourcecode.c.h; path = AppraiseViewController.h; sourceTree = "<group>"; };
		D71B6F951F78E36B00AA91BE /* AppraiseViewController.m */ = {isa = PBXFileReference; fileEncoding = 4; lastKnownFileType = sourcecode.c.objc; path = AppraiseViewController.m; sourceTree = "<group>"; };
		D72E12ED1F7A320C0081DB1B /* NavagationViewController.h */ = {isa = PBXFileReference; fileEncoding = 4; lastKnownFileType = sourcecode.c.h; path = NavagationViewController.h; sourceTree = "<group>"; };
		D72E12EE1F7A320C0081DB1B /* NavagationViewController.m */ = {isa = PBXFileReference; fileEncoding = 4; lastKnownFileType = sourcecode.c.objc; path = NavagationViewController.m; sourceTree = "<group>"; };
		D7368F1C1F8EF6A900514742 /* MainViewController.h */ = {isa = PBXFileReference; fileEncoding = 4; lastKnownFileType = sourcecode.c.h; path = MainViewController.h; sourceTree = "<group>"; };
		D7368F1D1F8EF6A900514742 /* MainViewController.m */ = {isa = PBXFileReference; fileEncoding = 4; lastKnownFileType = sourcecode.c.objc; path = MainViewController.m; sourceTree = "<group>"; };
		D7368F211F8F3D6600514742 /* TAAbstractDotView.h */ = {isa = PBXFileReference; fileEncoding = 4; lastKnownFileType = sourcecode.c.h; path = TAAbstractDotView.h; sourceTree = "<group>"; };
		D7368F221F8F3D6600514742 /* TAAbstractDotView.m */ = {isa = PBXFileReference; fileEncoding = 4; lastKnownFileType = sourcecode.c.objc; path = TAAbstractDotView.m; sourceTree = "<group>"; };
		D7368F231F8F3D6600514742 /* TAAnimatedDotView.h */ = {isa = PBXFileReference; fileEncoding = 4; lastKnownFileType = sourcecode.c.h; path = TAAnimatedDotView.h; sourceTree = "<group>"; };
		D7368F241F8F3D6600514742 /* TAAnimatedDotView.m */ = {isa = PBXFileReference; fileEncoding = 4; lastKnownFileType = sourcecode.c.objc; path = TAAnimatedDotView.m; sourceTree = "<group>"; };
		D7368F251F8F3D6600514742 /* TADotView.h */ = {isa = PBXFileReference; fileEncoding = 4; lastKnownFileType = sourcecode.c.h; path = TADotView.h; sourceTree = "<group>"; };
		D7368F261F8F3D6600514742 /* TADotView.m */ = {isa = PBXFileReference; fileEncoding = 4; lastKnownFileType = sourcecode.c.objc; path = TADotView.m; sourceTree = "<group>"; };
		D7368F271F8F3D6600514742 /* TAPageControl.h */ = {isa = PBXFileReference; fileEncoding = 4; lastKnownFileType = sourcecode.c.h; path = TAPageControl.h; sourceTree = "<group>"; };
		D7368F281F8F3D6600514742 /* TAPageControl.m */ = {isa = PBXFileReference; fileEncoding = 4; lastKnownFileType = sourcecode.c.objc; path = TAPageControl.m; sourceTree = "<group>"; };
		D7368F291F8F3D6600514742 /* SDCollectionViewCell.h */ = {isa = PBXFileReference; fileEncoding = 4; lastKnownFileType = sourcecode.c.h; path = SDCollectionViewCell.h; sourceTree = "<group>"; };
		D7368F2A1F8F3D6600514742 /* SDCollectionViewCell.m */ = {isa = PBXFileReference; fileEncoding = 4; lastKnownFileType = sourcecode.c.objc; path = SDCollectionViewCell.m; sourceTree = "<group>"; };
		D7368F2B1F8F3D6600514742 /* SDCycleScrollView.h */ = {isa = PBXFileReference; fileEncoding = 4; lastKnownFileType = sourcecode.c.h; path = SDCycleScrollView.h; sourceTree = "<group>"; };
		D7368F2C1F8F3D6600514742 /* SDCycleScrollView.m */ = {isa = PBXFileReference; fileEncoding = 4; lastKnownFileType = sourcecode.c.objc; path = SDCycleScrollView.m; sourceTree = "<group>"; };
		D7368F2D1F8F3D6600514742 /* UIView+SDExtension.h */ = {isa = PBXFileReference; fileEncoding = 4; lastKnownFileType = sourcecode.c.h; path = "UIView+SDExtension.h"; sourceTree = "<group>"; };
		D7368F2E1F8F3D6600514742 /* UIView+SDExtension.m */ = {isa = PBXFileReference; fileEncoding = 4; lastKnownFileType = sourcecode.c.objc; path = "UIView+SDExtension.m"; sourceTree = "<group>"; };
		D73E18AD1F8DC053005A0456 /* LICENSE */ = {isa = PBXFileReference; fileEncoding = 4; lastKnownFileType = text; path = LICENSE; sourceTree = "<group>"; };
		D73E18AF1F8DC053005A0456 /* AbstractActionSheetPicker.h */ = {isa = PBXFileReference; fileEncoding = 4; lastKnownFileType = sourcecode.c.h; path = AbstractActionSheetPicker.h; sourceTree = "<group>"; };
		D73E18B01F8DC053005A0456 /* AbstractActionSheetPicker.m */ = {isa = PBXFileReference; fileEncoding = 4; lastKnownFileType = sourcecode.c.objc; path = AbstractActionSheetPicker.m; sourceTree = "<group>"; };
		D73E18B11F8DC053005A0456 /* ActionSheetCustomPicker.h */ = {isa = PBXFileReference; fileEncoding = 4; lastKnownFileType = sourcecode.c.h; path = ActionSheetCustomPicker.h; sourceTree = "<group>"; };
		D73E18B21F8DC053005A0456 /* ActionSheetCustomPicker.m */ = {isa = PBXFileReference; fileEncoding = 4; lastKnownFileType = sourcecode.c.objc; path = ActionSheetCustomPicker.m; sourceTree = "<group>"; };
		D73E18B31F8DC053005A0456 /* ActionSheetCustomPickerDelegate.h */ = {isa = PBXFileReference; fileEncoding = 4; lastKnownFileType = sourcecode.c.h; path = ActionSheetCustomPickerDelegate.h; sourceTree = "<group>"; };
		D73E18B41F8DC053005A0456 /* ActionSheetDatePicker.h */ = {isa = PBXFileReference; fileEncoding = 4; lastKnownFileType = sourcecode.c.h; path = ActionSheetDatePicker.h; sourceTree = "<group>"; };
		D73E18B51F8DC053005A0456 /* ActionSheetDatePicker.m */ = {isa = PBXFileReference; fileEncoding = 4; lastKnownFileType = sourcecode.c.objc; path = ActionSheetDatePicker.m; sourceTree = "<group>"; };
		D73E18B61F8DC053005A0456 /* ActionSheetDistancePicker.h */ = {isa = PBXFileReference; fileEncoding = 4; lastKnownFileType = sourcecode.c.h; path = ActionSheetDistancePicker.h; sourceTree = "<group>"; };
		D73E18B71F8DC053005A0456 /* ActionSheetDistancePicker.m */ = {isa = PBXFileReference; fileEncoding = 4; lastKnownFileType = sourcecode.c.objc; path = ActionSheetDistancePicker.m; sourceTree = "<group>"; };
		D73E18B81F8DC053005A0456 /* ActionSheetLocalePicker.h */ = {isa = PBXFileReference; fileEncoding = 4; lastKnownFileType = sourcecode.c.h; path = ActionSheetLocalePicker.h; sourceTree = "<group>"; };
		D73E18B91F8DC053005A0456 /* ActionSheetLocalePicker.m */ = {isa = PBXFileReference; fileEncoding = 4; lastKnownFileType = sourcecode.c.objc; path = ActionSheetLocalePicker.m; sourceTree = "<group>"; };
		D73E18BA1F8DC053005A0456 /* ActionSheetMultipleStringPicker.h */ = {isa = PBXFileReference; fileEncoding = 4; lastKnownFileType = sourcecode.c.h; path = ActionSheetMultipleStringPicker.h; sourceTree = "<group>"; };
		D73E18BB1F8DC053005A0456 /* ActionSheetMultipleStringPicker.m */ = {isa = PBXFileReference; fileEncoding = 4; lastKnownFileType = sourcecode.c.objc; path = ActionSheetMultipleStringPicker.m; sourceTree = "<group>"; };
		D73E18BC1F8DC053005A0456 /* ActionSheetPicker.h */ = {isa = PBXFileReference; fileEncoding = 4; lastKnownFileType = sourcecode.c.h; path = ActionSheetPicker.h; sourceTree = "<group>"; };
		D73E18BD1F8DC053005A0456 /* ActionSheetStringPicker.h */ = {isa = PBXFileReference; fileEncoding = 4; lastKnownFileType = sourcecode.c.h; path = ActionSheetStringPicker.h; sourceTree = "<group>"; };
		D73E18BE1F8DC053005A0456 /* ActionSheetStringPicker.m */ = {isa = PBXFileReference; fileEncoding = 4; lastKnownFileType = sourcecode.c.objc; path = ActionSheetStringPicker.m; sourceTree = "<group>"; };
		D73E18BF1F8DC053005A0456 /* DistancePickerView.h */ = {isa = PBXFileReference; fileEncoding = 4; lastKnownFileType = sourcecode.c.h; path = DistancePickerView.h; sourceTree = "<group>"; };
		D73E18C01F8DC053005A0456 /* DistancePickerView.m */ = {isa = PBXFileReference; fileEncoding = 4; lastKnownFileType = sourcecode.c.objc; path = DistancePickerView.m; sourceTree = "<group>"; };
		D73E18C11F8DC053005A0456 /* SWActionSheet.h */ = {isa = PBXFileReference; fileEncoding = 4; lastKnownFileType = sourcecode.c.h; path = SWActionSheet.h; sourceTree = "<group>"; };
		D73E18C21F8DC053005A0456 /* SWActionSheet.m */ = {isa = PBXFileReference; fileEncoding = 4; lastKnownFileType = sourcecode.c.objc; path = SWActionSheet.m; sourceTree = "<group>"; };
		D73E18C31F8DC053005A0456 /* README.md */ = {isa = PBXFileReference; fileEncoding = 4; lastKnownFileType = net.daringfireball.markdown; path = README.md; sourceTree = "<group>"; };
		D73E18C51F8DC053005A0456 /* LICENSE */ = {isa = PBXFileReference; fileEncoding = 4; lastKnownFileType = text; path = LICENSE; sourceTree = "<group>"; };
		D73E18C71F8DC053005A0456 /* MJExtension.h */ = {isa = PBXFileReference; fileEncoding = 4; lastKnownFileType = sourcecode.c.h; path = MJExtension.h; sourceTree = "<group>"; };
		D73E18C81F8DC053005A0456 /* MJExtensionConst.h */ = {isa = PBXFileReference; fileEncoding = 4; lastKnownFileType = sourcecode.c.h; path = MJExtensionConst.h; sourceTree = "<group>"; };
		D73E18C91F8DC053005A0456 /* MJExtensionConst.m */ = {isa = PBXFileReference; fileEncoding = 4; lastKnownFileType = sourcecode.c.objc; path = MJExtensionConst.m; sourceTree = "<group>"; };
		D73E18CA1F8DC053005A0456 /* MJFoundation.h */ = {isa = PBXFileReference; fileEncoding = 4; lastKnownFileType = sourcecode.c.h; path = MJFoundation.h; sourceTree = "<group>"; };
		D73E18CB1F8DC053005A0456 /* MJFoundation.m */ = {isa = PBXFileReference; fileEncoding = 4; lastKnownFileType = sourcecode.c.objc; path = MJFoundation.m; sourceTree = "<group>"; };
		D73E18CC1F8DC053005A0456 /* MJProperty.h */ = {isa = PBXFileReference; fileEncoding = 4; lastKnownFileType = sourcecode.c.h; path = MJProperty.h; sourceTree = "<group>"; };
		D73E18CD1F8DC053005A0456 /* MJProperty.m */ = {isa = PBXFileReference; fileEncoding = 4; lastKnownFileType = sourcecode.c.objc; path = MJProperty.m; sourceTree = "<group>"; };
		D73E18CE1F8DC053005A0456 /* MJPropertyKey.h */ = {isa = PBXFileReference; fileEncoding = 4; lastKnownFileType = sourcecode.c.h; path = MJPropertyKey.h; sourceTree = "<group>"; };
		D73E18CF1F8DC053005A0456 /* MJPropertyKey.m */ = {isa = PBXFileReference; fileEncoding = 4; lastKnownFileType = sourcecode.c.objc; path = MJPropertyKey.m; sourceTree = "<group>"; };
		D73E18D01F8DC053005A0456 /* MJPropertyType.h */ = {isa = PBXFileReference; fileEncoding = 4; lastKnownFileType = sourcecode.c.h; path = MJPropertyType.h; sourceTree = "<group>"; };
		D73E18D11F8DC053005A0456 /* MJPropertyType.m */ = {isa = PBXFileReference; fileEncoding = 4; lastKnownFileType = sourcecode.c.objc; path = MJPropertyType.m; sourceTree = "<group>"; };
		D73E18D21F8DC053005A0456 /* NSObject+MJClass.h */ = {isa = PBXFileReference; fileEncoding = 4; lastKnownFileType = sourcecode.c.h; path = "NSObject+MJClass.h"; sourceTree = "<group>"; };
		D73E18D31F8DC053005A0456 /* NSObject+MJClass.m */ = {isa = PBXFileReference; fileEncoding = 4; lastKnownFileType = sourcecode.c.objc; path = "NSObject+MJClass.m"; sourceTree = "<group>"; };
		D73E18D41F8DC053005A0456 /* NSObject+MJCoding.h */ = {isa = PBXFileReference; fileEncoding = 4; lastKnownFileType = sourcecode.c.h; path = "NSObject+MJCoding.h"; sourceTree = "<group>"; };
		D73E18D51F8DC053005A0456 /* NSObject+MJCoding.m */ = {isa = PBXFileReference; fileEncoding = 4; lastKnownFileType = sourcecode.c.objc; path = "NSObject+MJCoding.m"; sourceTree = "<group>"; };
		D73E18D61F8DC053005A0456 /* NSObject+MJKeyValue.h */ = {isa = PBXFileReference; fileEncoding = 4; lastKnownFileType = sourcecode.c.h; path = "NSObject+MJKeyValue.h"; sourceTree = "<group>"; };
		D73E18D71F8DC053005A0456 /* NSObject+MJKeyValue.m */ = {isa = PBXFileReference; fileEncoding = 4; lastKnownFileType = sourcecode.c.objc; path = "NSObject+MJKeyValue.m"; sourceTree = "<group>"; };
		D73E18D81F8DC053005A0456 /* NSObject+MJProperty.h */ = {isa = PBXFileReference; fileEncoding = 4; lastKnownFileType = sourcecode.c.h; path = "NSObject+MJProperty.h"; sourceTree = "<group>"; };
		D73E18D91F8DC053005A0456 /* NSObject+MJProperty.m */ = {isa = PBXFileReference; fileEncoding = 4; lastKnownFileType = sourcecode.c.objc; path = "NSObject+MJProperty.m"; sourceTree = "<group>"; };
		D73E18DA1F8DC053005A0456 /* NSString+MJExtension.h */ = {isa = PBXFileReference; fileEncoding = 4; lastKnownFileType = sourcecode.c.h; path = "NSString+MJExtension.h"; sourceTree = "<group>"; };
		D73E18DB1F8DC053005A0456 /* NSString+MJExtension.m */ = {isa = PBXFileReference; fileEncoding = 4; lastKnownFileType = sourcecode.c.objc; path = "NSString+MJExtension.m"; sourceTree = "<group>"; };
		D73E18DC1F8DC053005A0456 /* README.md */ = {isa = PBXFileReference; fileEncoding = 4; lastKnownFileType = net.daringfireball.markdown; path = README.md; sourceTree = "<group>"; };
		D73E18F41F8DC06E005A0456 /* address.json */ = {isa = PBXFileReference; fileEncoding = 4; lastKnownFileType = text.json; path = address.json; sourceTree = "<group>"; };
		D744AFA81F6FC27700F701B7 /* MainTableViewController.h */ = {isa = PBXFileReference; fileEncoding = 4; lastKnownFileType = sourcecode.c.h; path = MainTableViewController.h; sourceTree = "<group>"; };
		D744AFA91F6FC27700F701B7 /* MainTableViewController.m */ = {isa = PBXFileReference; fileEncoding = 4; lastKnownFileType = sourcecode.c.objc; path = MainTableViewController.m; sourceTree = "<group>"; };
		D75AB1F71F720FD1005E9BBE /* EditAdvisoryViewController.h */ = {isa = PBXFileReference; fileEncoding = 4; lastKnownFileType = sourcecode.c.h; path = EditAdvisoryViewController.h; sourceTree = "<group>"; };
		D75AB1F81F720FD1005E9BBE /* EditAdvisoryViewController.m */ = {isa = PBXFileReference; fileEncoding = 4; lastKnownFileType = sourcecode.c.objc; path = EditAdvisoryViewController.m; sourceTree = "<group>"; };
		D75AB1FA1F725FB6005E9BBE /* DiaryListViewController.h */ = {isa = PBXFileReference; fileEncoding = 4; lastKnownFileType = sourcecode.c.h; path = DiaryListViewController.h; sourceTree = "<group>"; };
		D75AB1FB1F725FB6005E9BBE /* DiaryListViewController.m */ = {isa = PBXFileReference; fileEncoding = 4; lastKnownFileType = sourcecode.c.objc; path = DiaryListViewController.m; sourceTree = "<group>"; };
		D75AB1FD1F725FC9005E9BBE /* EditDiaryViewController.h */ = {isa = PBXFileReference; fileEncoding = 4; lastKnownFileType = sourcecode.c.h; path = EditDiaryViewController.h; sourceTree = "<group>"; };
		D75AB1FE1F725FC9005E9BBE /* EditDiaryViewController.m */ = {isa = PBXFileReference; fileEncoding = 4; lastKnownFileType = sourcecode.c.objc; path = EditDiaryViewController.m; sourceTree = "<group>"; };
		D75AB2001F725FD8005E9BBE /* DiaryInfoViewController.h */ = {isa = PBXFileReference; fileEncoding = 4; lastKnownFileType = sourcecode.c.h; path = DiaryInfoViewController.h; sourceTree = "<group>"; };
		D75AB2011F725FD8005E9BBE /* DiaryInfoViewController.m */ = {isa = PBXFileReference; fileEncoding = 4; lastKnownFileType = sourcecode.c.objc; path = DiaryInfoViewController.m; sourceTree = "<group>"; };
		D75F0AA51F74ABBA007A81C2 /* MySelfTableViewController.h */ = {isa = PBXFileReference; fileEncoding = 4; lastKnownFileType = sourcecode.c.h; path = MySelfTableViewController.h; sourceTree = "<group>"; };
		D75F0AA61F74ABBA007A81C2 /* MySelfTableViewController.m */ = {isa = PBXFileReference; fileEncoding = 4; lastKnownFileType = sourcecode.c.objc; path = MySelfTableViewController.m; sourceTree = "<group>"; };
		D777FD4B1F7DE7690083860A /* ChangePassViewController.h */ = {isa = PBXFileReference; fileEncoding = 4; lastKnownFileType = sourcecode.c.h; path = ChangePassViewController.h; sourceTree = "<group>"; };
		D777FD4C1F7DE7690083860A /* ChangePassViewController.m */ = {isa = PBXFileReference; fileEncoding = 4; lastKnownFileType = sourcecode.c.objc; path = ChangePassViewController.m; sourceTree = "<group>"; };
/* End PBXFileReference section */

/* Begin PBXFrameworksBuildPhase section */
		5DEA43931F6FB3A000486956 /* Frameworks */ = {
			isa = PBXFrameworksBuildPhase;
			buildActionMask = 2147483647;
			files = (
				E41EB04D14C95547A87DBF1D /* libPods-Aishixi_XueSheng.a in Frameworks */,
			);
			runOnlyForDeploymentPostprocessing = 0;
		};
		5DEA43AC1F6FB3A000486956 /* Frameworks */ = {
			isa = PBXFrameworksBuildPhase;
			buildActionMask = 2147483647;
			files = (
			);
			runOnlyForDeploymentPostprocessing = 0;
		};
		5DEA43B71F6FB3A000486956 /* Frameworks */ = {
			isa = PBXFrameworksBuildPhase;
			buildActionMask = 2147483647;
			files = (
			);
			runOnlyForDeploymentPostprocessing = 0;
		};
/* End PBXFrameworksBuildPhase section */

/* Begin PBXGroup section */
		5D261E0C1F7B6C7F00724B6B /* XL_FengZhuang */ = {
			isa = PBXGroup;
			children = (
				5D261E0E1F7B6C9A00724B6B /* XL_TouWenJian.h */,
				5D261E101F7B6C9B00724B6B /* XL_Header.h */,
				5D261E0D1F7B6C9A00724B6B /* XL_WangLuo.h */,
				5D261E0F1F7B6C9B00724B6B /* XL_WangLuo.m */,
			);
			name = XL_FengZhuang;
			sourceTree = "<group>";
		};
		5D5024C31F70E40B00924CCD /* 手动封装 */ = {
			isa = PBXGroup;
			children = (
				5D261E0C1F7B6C7F00724B6B /* XL_FengZhuang */,
				5D5024C81F70E45900924CCD /* XL_Color */,
				5D5024C71F70E45000924CCD /* XL_HUD */,
				5D5024C61F70E44300924CCD /* XL_FMDB */,
			);
			name = "手动封装";
			sourceTree = "<group>";
		};
		5D5024C41F70E41E00924CCD /* 界面 */ = {
			isa = PBXGroup;
			children = (
				5DEA439C1F6FB3A000486956 /* AppDelegate.h */,
				5DEA439D1F6FB3A000486956 /* AppDelegate.m */,
				5DEA43A21F6FB3A000486956 /* Main.storyboard */,
				5DEA43A51F6FB3A000486956 /* Assets.xcassets */,
				5DEA43A71F6FB3A000486956 /* LaunchScreen.storyboard */,
				5DEA43AA1F6FB3A000486956 /* Info.plist */,
			);
			name = "界面";
			sourceTree = "<group>";
		};
		5D5024C51F70E42600924CCD /* Controller */ = {
			isa = PBXGroup;
			children = (
				D75F0AA11F74AB4D007A81C2 /* 设置 */,
				D75F0AA01F74AB48007A81C2 /* 我的 */,
				D71AE8791F70FBE2006F542B /* 登录 */,
				D71AE87A1F70FBF1006F542B /* 考勤 */,
				D71AE87B1F70FBF5006F542B /* 主页 */,
				D71AE8781F70FBDA006F542B /* 日记 */,
				D71AE8771F70FBD1006F542B /* 评价 */,
				D71AE8721F70FB67006F542B /* 公告 */,
				D71AE8731F70FBA1006F542B /* 咨询 */,
			);
			name = Controller;
			sourceTree = "<group>";
		};
		5D5024C61F70E44300924CCD /* XL_FMDB */ = {
			isa = PBXGroup;
			children = (
				5D5024C91F70E46B00924CCD /* XL_FMDB.h */,
				5D5024CA1F70E46B00924CCD /* XL_FMDB.m */,
			);
			name = XL_FMDB;
			sourceTree = "<group>";
		};
		5D5024C71F70E45000924CCD /* XL_HUD */ = {
			isa = PBXGroup;
			children = (
				5D5024CC1F70E47400924CCD /* WarningBox.h */,
				5D5024CD1F70E47400924CCD /* WarningBox.m */,
			);
			name = XL_HUD;
			sourceTree = "<group>";
		};
		5D5024C81F70E45900924CCD /* XL_Color */ = {
			isa = PBXGroup;
			children = (
				5D5024CF1F70E47B00924CCD /* Color+Hex.h */,
				5D5024D01F70E47B00924CCD /* Color+Hex.m */,
			);
			name = XL_Color;
			sourceTree = "<group>";
		};
		5D5024D31F70E4C400924CCD /* Model */ = {
			isa = PBXGroup;
			children = (
				D7368F1F1F8F3D6600514742 /* SDCycleScrollView */,
				D73E18AC1F8DC053005A0456 /* ActionSheetPicker-3.0 */,
				D73E18C41F8DC053005A0456 /* MJExtension */,
				D71AE84E1F70AD0F006F542B /* maincellTableViewCell.h */,
				D71AE84F1F70AD0F006F542B /* maincellTableViewCell.m */,
			);
			name = Model;
			sourceTree = "<group>";
		};
		5DEA438D1F6FB3A000486956 = {
			isa = PBXGroup;
			children = (
				5DEA43981F6FB3A000486956 /* Aishixi_XueSheng */,
				5DEA43B21F6FB3A000486956 /* Aishixi_XueShengTests */,
				5DEA43BD1F6FB3A000486956 /* Aishixi_XueShengUITests */,
				5DEA43971F6FB3A000486956 /* Products */,
				DC5B24E05184C46B8A26067F /* Pods */,
				C1AD0E0760AB3DEC62626AC0 /* Frameworks */,
			);
			sourceTree = "<group>";
		};
		5DEA43971F6FB3A000486956 /* Products */ = {
			isa = PBXGroup;
			children = (
				5DEA43961F6FB3A000486956 /* Aishixi_XueSheng.app */,
				5DEA43AF1F6FB3A000486956 /* Aishixi_XueShengTests.xctest */,
				5DEA43BA1F6FB3A000486956 /* Aishixi_XueShengUITests.xctest */,
			);
			name = Products;
			sourceTree = "<group>";
		};
		5DEA43981F6FB3A000486956 /* Aishixi_XueSheng */ = {
			isa = PBXGroup;
			children = (
				5D5024D31F70E4C400924CCD /* Model */,
				5D5024C51F70E42600924CCD /* Controller */,
				5D5024C41F70E41E00924CCD /* 界面 */,
				5D5024C31F70E40B00924CCD /* 手动封装 */,
				5DEA43991F6FB3A000486956 /* Supporting Files */,
			);
			path = Aishixi_XueSheng;
			sourceTree = "<group>";
		};
		5DEA43991F6FB3A000486956 /* Supporting Files */ = {
			isa = PBXGroup;
			children = (
				5DEA439A1F6FB3A000486956 /* main.m */,
			);
			name = "Supporting Files";
			sourceTree = "<group>";
		};
		5DEA43B21F6FB3A000486956 /* Aishixi_XueShengTests */ = {
			isa = PBXGroup;
			children = (
				5DEA43B31F6FB3A000486956 /* Aishixi_XueShengTests.m */,
				5DEA43B51F6FB3A000486956 /* Info.plist */,
			);
			path = Aishixi_XueShengTests;
			sourceTree = "<group>";
		};
		5DEA43BD1F6FB3A000486956 /* Aishixi_XueShengUITests */ = {
			isa = PBXGroup;
			children = (
				5DEA43BE1F6FB3A000486956 /* Aishixi_XueShengUITests.m */,
				5DEA43C01F6FB3A000486956 /* Info.plist */,
			);
			path = Aishixi_XueShengUITests;
			sourceTree = "<group>";
		};
		C1AD0E0760AB3DEC62626AC0 /* Frameworks */ = {
			isa = PBXGroup;
			children = (
				2A8EF527B96D308D1924E2E1 /* libPods-Aishixi_XueSheng.a */,
			);
			name = Frameworks;
			sourceTree = "<group>";
		};
		D71AE8721F70FB67006F542B /* 公告 */ = {
			isa = PBXGroup;
			children = (
				D71AE8691F70FB08006F542B /* NoticeViewController.h */,
				D71AE86A1F70FB08006F542B /* NoticeViewController.m */,
				D71AE86F1F70FB63006F542B /* NoticeInfoViewController.h */,
				D71AE8701F70FB63006F542B /* NoticeInfoViewController.m */,
			);
			name = "公告";
			sourceTree = "<group>";
		};
		D71AE8731F70FBA1006F542B /* 咨询 */ = {
			isa = PBXGroup;
			children = (
				D71AE86C1F70FB24006F542B /* AdvisoryViewController.h */,
				D71AE86D1F70FB24006F542B /* AdvisoryViewController.m */,
				D71AE8741F70FBC5006F542B /* AdvisoryInfoViewController.h */,
				D71AE8751F70FBC5006F542B /* AdvisoryInfoViewController.m */,
				D75AB1F71F720FD1005E9BBE /* EditAdvisoryViewController.h */,
				D75AB1F81F720FD1005E9BBE /* EditAdvisoryViewController.m */,
			);
			name = "咨询";
			sourceTree = "<group>";
		};
		D71AE8771F70FBD1006F542B /* 评价 */ = {
			isa = PBXGroup;
			children = (
				D71B6F941F78E36B00AA91BE /* AppraiseViewController.h */,
				D71B6F951F78E36B00AA91BE /* AppraiseViewController.m */,
			);
			name = "评价";
			sourceTree = "<group>";
		};
		D71AE8781F70FBDA006F542B /* 日记 */ = {
			isa = PBXGroup;
			children = (
				D75AB1FA1F725FB6005E9BBE /* DiaryListViewController.h */,
				D75AB1FB1F725FB6005E9BBE /* DiaryListViewController.m */,
				D75AB2001F725FD8005E9BBE /* DiaryInfoViewController.h */,
				D75AB2011F725FD8005E9BBE /* DiaryInfoViewController.m */,
				D75AB1FD1F725FC9005E9BBE /* EditDiaryViewController.h */,
				D75AB1FE1F725FC9005E9BBE /* EditDiaryViewController.m */,
			);
			name = "日记";
			sourceTree = "<group>";
		};
		D71AE8791F70FBE2006F542B /* 登录 */ = {
			isa = PBXGroup;
			children = (
				5DEA439F1F6FB3A000486956 /* DengLu_ViewController.h */,
				5DEA43A01F6FB3A000486956 /* DengLu_ViewController.m */,
				D72E12ED1F7A320C0081DB1B /* NavagationViewController.h */,
				D72E12EE1F7A320C0081DB1B /* NavagationViewController.m */,
			);
			name = "登录";
			sourceTree = "<group>";
		};
		D71AE87A1F70FBF1006F542B /* 考勤 */ = {
			isa = PBXGroup;
			children = (
				D71AE8661F70FAE7006F542B /* AttendanceViewController.h */,
				D71AE8671F70FAE7006F542B /* AttendanceViewController.m */,
			);
			name = "考勤";
			sourceTree = "<group>";
		};
		D71AE87B1F70FBF5006F542B /* 主页 */ = {
			isa = PBXGroup;
			children = (
				D744AFA81F6FC27700F701B7 /* MainTableViewController.h */,
				D744AFA91F6FC27700F701B7 /* MainTableViewController.m */,
				D7368F1C1F8EF6A900514742 /* MainViewController.h */,
				D7368F1D1F8EF6A900514742 /* MainViewController.m */,
			);
			name = "主页";
			sourceTree = "<group>";
		};
		D7368F1F1F8F3D6600514742 /* SDCycleScrollView */ = {
			isa = PBXGroup;
			children = (
				D7368F201F8F3D6600514742 /* PageControl */,
				D7368F291F8F3D6600514742 /* SDCollectionViewCell.h */,
				D7368F2A1F8F3D6600514742 /* SDCollectionViewCell.m */,
				D7368F2B1F8F3D6600514742 /* SDCycleScrollView.h */,
				D7368F2C1F8F3D6600514742 /* SDCycleScrollView.m */,
				D7368F2D1F8F3D6600514742 /* UIView+SDExtension.h */,
				D7368F2E1F8F3D6600514742 /* UIView+SDExtension.m */,
			);
			path = SDCycleScrollView;
			sourceTree = "<group>";
		};
		D7368F201F8F3D6600514742 /* PageControl */ = {
			isa = PBXGroup;
			children = (
				D7368F211F8F3D6600514742 /* TAAbstractDotView.h */,
				D7368F221F8F3D6600514742 /* TAAbstractDotView.m */,
				D7368F231F8F3D6600514742 /* TAAnimatedDotView.h */,
				D7368F241F8F3D6600514742 /* TAAnimatedDotView.m */,
				D7368F251F8F3D6600514742 /* TADotView.h */,
				D7368F261F8F3D6600514742 /* TADotView.m */,
				D7368F271F8F3D6600514742 /* TAPageControl.h */,
				D7368F281F8F3D6600514742 /* TAPageControl.m */,
			);
			path = PageControl;
			sourceTree = "<group>";
		};
		D73E18AC1F8DC053005A0456 /* ActionSheetPicker-3.0 */ = {
			isa = PBXGroup;
			children = (
				D73E18AD1F8DC053005A0456 /* LICENSE */,
				D73E18AE1F8DC053005A0456 /* Pickers */,
				D73E18C31F8DC053005A0456 /* README.md */,
			);
			path = "ActionSheetPicker-3.0";
			sourceTree = "<group>";
		};
		D73E18AE1F8DC053005A0456 /* Pickers */ = {
			isa = PBXGroup;
			children = (
				D73E18AF1F8DC053005A0456 /* AbstractActionSheetPicker.h */,
				D73E18B01F8DC053005A0456 /* AbstractActionSheetPicker.m */,
				D73E18B11F8DC053005A0456 /* ActionSheetCustomPicker.h */,
				D73E18B21F8DC053005A0456 /* ActionSheetCustomPicker.m */,
				D73E18B31F8DC053005A0456 /* ActionSheetCustomPickerDelegate.h */,
				D73E18B41F8DC053005A0456 /* ActionSheetDatePicker.h */,
				D73E18B51F8DC053005A0456 /* ActionSheetDatePicker.m */,
				D73E18B61F8DC053005A0456 /* ActionSheetDistancePicker.h */,
				D73E18B71F8DC053005A0456 /* ActionSheetDistancePicker.m */,
				D73E18B81F8DC053005A0456 /* ActionSheetLocalePicker.h */,
				D73E18B91F8DC053005A0456 /* ActionSheetLocalePicker.m */,
				D73E18BA1F8DC053005A0456 /* ActionSheetMultipleStringPicker.h */,
				D73E18BB1F8DC053005A0456 /* ActionSheetMultipleStringPicker.m */,
				D73E18BC1F8DC053005A0456 /* ActionSheetPicker.h */,
				D73E18BD1F8DC053005A0456 /* ActionSheetStringPicker.h */,
				D73E18BE1F8DC053005A0456 /* ActionSheetStringPicker.m */,
				D73E18BF1F8DC053005A0456 /* DistancePickerView.h */,
				D73E18C01F8DC053005A0456 /* DistancePickerView.m */,
				D73E18C11F8DC053005A0456 /* SWActionSheet.h */,
				D73E18C21F8DC053005A0456 /* SWActionSheet.m */,
			);
			path = Pickers;
			sourceTree = "<group>";
		};
		D73E18C41F8DC053005A0456 /* MJExtension */ = {
			isa = PBXGroup;
			children = (
				D73E18C51F8DC053005A0456 /* LICENSE */,
				D73E18C61F8DC053005A0456 /* MJExtension */,
				D73E18DC1F8DC053005A0456 /* README.md */,
			);
			path = MJExtension;
			sourceTree = "<group>";
		};
		D73E18C61F8DC053005A0456 /* MJExtension */ = {
			isa = PBXGroup;
			children = (
				D73E18C71F8DC053005A0456 /* MJExtension.h */,
				D73E18C81F8DC053005A0456 /* MJExtensionConst.h */,
				D73E18C91F8DC053005A0456 /* MJExtensionConst.m */,
				D73E18CA1F8DC053005A0456 /* MJFoundation.h */,
				D73E18CB1F8DC053005A0456 /* MJFoundation.m */,
				D73E18CC1F8DC053005A0456 /* MJProperty.h */,
				D73E18CD1F8DC053005A0456 /* MJProperty.m */,
				D73E18CE1F8DC053005A0456 /* MJPropertyKey.h */,
				D73E18CF1F8DC053005A0456 /* MJPropertyKey.m */,
				D73E18D01F8DC053005A0456 /* MJPropertyType.h */,
				D73E18D11F8DC053005A0456 /* MJPropertyType.m */,
				D73E18D21F8DC053005A0456 /* NSObject+MJClass.h */,
				D73E18D31F8DC053005A0456 /* NSObject+MJClass.m */,
				D73E18D41F8DC053005A0456 /* NSObject+MJCoding.h */,
				D73E18D51F8DC053005A0456 /* NSObject+MJCoding.m */,
				D73E18D61F8DC053005A0456 /* NSObject+MJKeyValue.h */,
				D73E18D71F8DC053005A0456 /* NSObject+MJKeyValue.m */,
				D73E18D81F8DC053005A0456 /* NSObject+MJProperty.h */,
				D73E18D91F8DC053005A0456 /* NSObject+MJProperty.m */,
				D73E18DA1F8DC053005A0456 /* NSString+MJExtension.h */,
				D73E18DB1F8DC053005A0456 /* NSString+MJExtension.m */,
			);
			path = MJExtension;
			sourceTree = "<group>";
		};
		D75F0AA01F74AB48007A81C2 /* 我的 */ = {
			isa = PBXGroup;
			children = (
				D73E18F41F8DC06E005A0456 /* address.json */,
				D75F0AA51F74ABBA007A81C2 /* MySelfTableViewController.h */,
				D75F0AA61F74ABBA007A81C2 /* MySelfTableViewController.m */,
			);
			name = "我的";
			sourceTree = "<group>";
		};
		D75F0AA11F74AB4D007A81C2 /* 设置 */ = {
			isa = PBXGroup;
			children = (
				D71B6F911F7894A700AA91BE /* SetViewController.h */,
				D71B6F921F7894A700AA91BE /* SetViewController.m */,
				D777FD461F7DE69D0083860A /* 修改密码 */,
			);
			name = "设置";
			sourceTree = "<group>";
		};
		D777FD461F7DE69D0083860A /* 修改密码 */ = {
			isa = PBXGroup;
			children = (
				D777FD4B1F7DE7690083860A /* ChangePassViewController.h */,
				D777FD4C1F7DE7690083860A /* ChangePassViewController.m */,
			);
			name = "修改密码";
			sourceTree = "<group>";
		};
		DC5B24E05184C46B8A26067F /* Pods */ = {
			isa = PBXGroup;
			children = (
				D53ADF550F0463FFF74C6C0F /* Pods-Aishixi_XueSheng.debug.xcconfig */,
				70C67E08E53B23DCAA31A9F0 /* Pods-Aishixi_XueSheng.release.xcconfig */,
			);
			name = Pods;
			sourceTree = "<group>";
		};
/* End PBXGroup section */

/* Begin PBXNativeTarget section */
		5DEA43951F6FB3A000486956 /* Aishixi_XueSheng */ = {
			isa = PBXNativeTarget;
			buildConfigurationList = 5DEA43C31F6FB3A000486956 /* Build configuration list for PBXNativeTarget "Aishixi_XueSheng" */;
			buildPhases = (
				294FC695B8C85E1A74E7733E /* [CP] Check Pods Manifest.lock */,
				5DEA43921F6FB3A000486956 /* Sources */,
				5DEA43931F6FB3A000486956 /* Frameworks */,
				5DEA43941F6FB3A000486956 /* Resources */,
				165BEA790E57815D9D8533F5 /* [CP] Embed Pods Frameworks */,
				129A3FE8A14FC80E5F620E05 /* [CP] Copy Pods Resources */,
			);
			buildRules = (
			);
			dependencies = (
			);
			name = Aishixi_XueSheng;
			productName = Aishixi_XueSheng;
			productReference = 5DEA43961F6FB3A000486956 /* Aishixi_XueSheng.app */;
			productType = "com.apple.product-type.application";
		};
		5DEA43AE1F6FB3A000486956 /* Aishixi_XueShengTests */ = {
			isa = PBXNativeTarget;
			buildConfigurationList = 5DEA43C61F6FB3A000486956 /* Build configuration list for PBXNativeTarget "Aishixi_XueShengTests" */;
			buildPhases = (
				5DEA43AB1F6FB3A000486956 /* Sources */,
				5DEA43AC1F6FB3A000486956 /* Frameworks */,
				5DEA43AD1F6FB3A000486956 /* Resources */,
			);
			buildRules = (
			);
			dependencies = (
				5DEA43B11F6FB3A000486956 /* PBXTargetDependency */,
			);
			name = Aishixi_XueShengTests;
			productName = Aishixi_XueShengTests;
			productReference = 5DEA43AF1F6FB3A000486956 /* Aishixi_XueShengTests.xctest */;
			productType = "com.apple.product-type.bundle.unit-test";
		};
		5DEA43B91F6FB3A000486956 /* Aishixi_XueShengUITests */ = {
			isa = PBXNativeTarget;
			buildConfigurationList = 5DEA43C91F6FB3A000486956 /* Build configuration list for PBXNativeTarget "Aishixi_XueShengUITests" */;
			buildPhases = (
				5DEA43B61F6FB3A000486956 /* Sources */,
				5DEA43B71F6FB3A000486956 /* Frameworks */,
				5DEA43B81F6FB3A000486956 /* Resources */,
			);
			buildRules = (
			);
			dependencies = (
				5DEA43BC1F6FB3A000486956 /* PBXTargetDependency */,
			);
			name = Aishixi_XueShengUITests;
			productName = Aishixi_XueShengUITests;
			productReference = 5DEA43BA1F6FB3A000486956 /* Aishixi_XueShengUITests.xctest */;
			productType = "com.apple.product-type.bundle.ui-testing";
		};
/* End PBXNativeTarget section */

/* Begin PBXProject section */
		5DEA438E1F6FB3A000486956 /* Project object */ = {
			isa = PBXProject;
			attributes = {
				LastUpgradeCheck = 0830;
				ORGANIZATIONNAME = GuoYun;
				TargetAttributes = {
					5DEA43951F6FB3A000486956 = {
						CreatedOnToolsVersion = 8.3.3;
						DevelopmentTeam = GP8BUACAG4;
						ProvisioningStyle = Automatic;
						SystemCapabilities = {
							com.apple.BackgroundModes = {
								enabled = 0;
							};
						};
					};
					5DEA43AE1F6FB3A000486956 = {
						CreatedOnToolsVersion = 8.3.3;
						DevelopmentTeam = GP8BUACAG4;
						ProvisioningStyle = Automatic;
						TestTargetID = 5DEA43951F6FB3A000486956;
					};
					5DEA43B91F6FB3A000486956 = {
						CreatedOnToolsVersion = 8.3.3;
						DevelopmentTeam = GP8BUACAG4;
						ProvisioningStyle = Automatic;
						TestTargetID = 5DEA43951F6FB3A000486956;
					};
				};
			};
			buildConfigurationList = 5DEA43911F6FB3A000486956 /* Build configuration list for PBXProject "Aishixi_XueSheng" */;
			compatibilityVersion = "Xcode 3.2";
			developmentRegion = English;
			hasScannedForEncodings = 0;
			knownRegions = (
				en,
				Base,
			);
			mainGroup = 5DEA438D1F6FB3A000486956;
			productRefGroup = 5DEA43971F6FB3A000486956 /* Products */;
			projectDirPath = "";
			projectRoot = "";
			targets = (
				5DEA43951F6FB3A000486956 /* Aishixi_XueSheng */,
				5DEA43AE1F6FB3A000486956 /* Aishixi_XueShengTests */,
				5DEA43B91F6FB3A000486956 /* Aishixi_XueShengUITests */,
			);
		};
/* End PBXProject section */

/* Begin PBXResourcesBuildPhase section */
		5DEA43941F6FB3A000486956 /* Resources */ = {
			isa = PBXResourcesBuildPhase;
			buildActionMask = 2147483647;
			files = (
				D73E18E81F8DC053005A0456 /* LICENSE in Resources */,
				5DEA43A91F6FB3A000486956 /* LaunchScreen.storyboard in Resources */,
				D73E18F51F8DC06E005A0456 /* address.json in Resources */,
				5DEA43A61F6FB3A000486956 /* Assets.xcassets in Resources */,
				5DEA43A41F6FB3A000486956 /* Main.storyboard in Resources */,
				D73E18DD1F8DC053005A0456 /* LICENSE in Resources */,
			);
			runOnlyForDeploymentPostprocessing = 0;
		};
		5DEA43AD1F6FB3A000486956 /* Resources */ = {
			isa = PBXResourcesBuildPhase;
			buildActionMask = 2147483647;
			files = (
			);
			runOnlyForDeploymentPostprocessing = 0;
		};
		5DEA43B81F6FB3A000486956 /* Resources */ = {
			isa = PBXResourcesBuildPhase;
			buildActionMask = 2147483647;
			files = (
			);
			runOnlyForDeploymentPostprocessing = 0;
		};
/* End PBXResourcesBuildPhase section */

/* Begin PBXShellScriptBuildPhase section */
		129A3FE8A14FC80E5F620E05 /* [CP] Copy Pods Resources */ = {
			isa = PBXShellScriptBuildPhase;
			buildActionMask = 2147483647;
			files = (
			);
			inputPaths = (
			);
			name = "[CP] Copy Pods Resources";
			outputPaths = (
			);
			runOnlyForDeploymentPostprocessing = 0;
			shellPath = /bin/sh;
			shellScript = "\"${SRCROOT}/Pods/Target Support Files/Pods-Aishixi_XueSheng/Pods-Aishixi_XueSheng-resources.sh\"\n";
			showEnvVarsInLog = 0;
		};
		165BEA790E57815D9D8533F5 /* [CP] Embed Pods Frameworks */ = {
			isa = PBXShellScriptBuildPhase;
			buildActionMask = 2147483647;
			files = (
			);
			inputPaths = (
			);
			name = "[CP] Embed Pods Frameworks";
			outputPaths = (
			);
			runOnlyForDeploymentPostprocessing = 0;
			shellPath = /bin/sh;
			shellScript = "\"${SRCROOT}/Pods/Target Support Files/Pods-Aishixi_XueSheng/Pods-Aishixi_XueSheng-frameworks.sh\"\n";
			showEnvVarsInLog = 0;
		};
		294FC695B8C85E1A74E7733E /* [CP] Check Pods Manifest.lock */ = {
			isa = PBXShellScriptBuildPhase;
			buildActionMask = 2147483647;
			files = (
			);
			inputPaths = (
				"${PODS_PODFILE_DIR_PATH}/Podfile.lock",
				"${PODS_ROOT}/Manifest.lock",
			);
			name = "[CP] Check Pods Manifest.lock";
			outputPaths = (
				"$(DERIVED_FILE_DIR)/Pods-Aishixi_XueSheng-checkManifestLockResult.txt",
			);
			runOnlyForDeploymentPostprocessing = 0;
			shellPath = /bin/sh;
			shellScript = "diff \"${PODS_PODFILE_DIR_PATH}/Podfile.lock\" \"${PODS_ROOT}/Manifest.lock\" > /dev/null\nif [ $? != 0 ] ; then\n    # print error to STDERR\n    echo \"error: The sandbox is not in sync with the Podfile.lock. Run 'pod install' or update your CocoaPods installation.\" >&2\n    exit 1\nfi\n# This output is used by Xcode 'outputs' to avoid re-running this script phase.\necho \"SUCCESS\" > \"${SCRIPT_OUTPUT_FILE_0}\"\n";
			showEnvVarsInLog = 0;
		};
/* End PBXShellScriptBuildPhase section */

/* Begin PBXSourcesBuildPhase section */
		5DEA43921F6FB3A000486956 /* Sources */ = {
			isa = PBXSourcesBuildPhase;
			buildActionMask = 2147483647;
			files = (
				D7368F361F8F59C100514742 /* XL_WangLuo.m in Sources */,
				D73E18E31F8DC053005A0456 /* ActionSheetMultipleStringPicker.m in Sources */,
				D72E12EF1F7A320C0081DB1B /* NavagationViewController.m in Sources */,
				D73E18E01F8DC053005A0456 /* ActionSheetDatePicker.m in Sources */,
				D744AFAA1F6FC27700F701B7 /* MainTableViewController.m in Sources */,
				D75F0AA71F74ABBA007A81C2 /* MySelfTableViewController.m in Sources */,
				5DEA43A11F6FB3A000486956 /* DengLu_ViewController.m in Sources */,
				D75AB1FF1F725FC9005E9BBE /* EditDiaryViewController.m in Sources */,
				D73E18E21F8DC053005A0456 /* ActionSheetLocalePicker.m in Sources */,
				D73E18F01F8DC053005A0456 /* NSObject+MJKeyValue.m in Sources */,
				D7368F341F8F3D6600514742 /* SDCycleScrollView.m in Sources */,
				D777FD4D1F7DE7690083860A /* ChangePassViewController.m in Sources */,
				D71AE86B1F70FB08006F542B /* NoticeViewController.m in Sources */,
				D7368F1E1F8EF6A900514742 /* MainViewController.m in Sources */,
				D75AB1FC1F725FB6005E9BBE /* DiaryListViewController.m in Sources */,
				D71AE8681F70FAE7006F542B /* AttendanceViewController.m in Sources */,
				5DEA439E1F6FB3A000486956 /* AppDelegate.m in Sources */,
				5D5024CE1F70E47400924CCD /* WarningBox.m in Sources */,
				D7368F331F8F3D6600514742 /* SDCollectionViewCell.m in Sources */,
				D71AE8711F70FB63006F542B /* NoticeInfoViewController.m in Sources */,
				D73E18ED1F8DC053005A0456 /* MJPropertyType.m in Sources */,
				D7368F311F8F3D6600514742 /* TADotView.m in Sources */,
				D7368F301F8F3D6600514742 /* TAAnimatedDotView.m in Sources */,
				5DEA439B1F6FB3A000486956 /* main.m in Sources */,
				D73E18E41F8DC053005A0456 /* ActionSheetStringPicker.m in Sources */,
				5D5024D11F70E47B00924CCD /* Color+Hex.m in Sources */,
				D73E18F11F8DC053005A0456 /* NSObject+MJProperty.m in Sources */,
				D71AE86E1F70FB24006F542B /* AdvisoryViewController.m in Sources */,
				D73E18EF1F8DC053005A0456 /* NSObject+MJCoding.m in Sources */,
				D73E18F31F8DC053005A0456 /* README.md in Sources */,
				5D5024CB1F70E46B00924CCD /* XL_FMDB.m in Sources */,
				D71B6F931F7894A800AA91BE /* SetViewController.m in Sources */,
				D7368F321F8F3D6600514742 /* TAPageControl.m in Sources */,
				D73E18E61F8DC053005A0456 /* SWActionSheet.m in Sources */,
				D73E18E91F8DC053005A0456 /* MJExtensionConst.m in Sources */,
				D73E18EB1F8DC053005A0456 /* MJProperty.m in Sources */,
				D73E18E71F8DC053005A0456 /* README.md in Sources */,
				D7368F2F1F8F3D6600514742 /* TAAbstractDotView.m in Sources */,
				D73E18E51F8DC053005A0456 /* DistancePickerView.m in Sources */,
				D73E18DE1F8DC053005A0456 /* AbstractActionSheetPicker.m in Sources */,
				D71B6F961F78E36B00AA91BE /* AppraiseViewController.m in Sources */,
				D75AB1F91F720FD1005E9BBE /* EditAdvisoryViewController.m in Sources */,
				D73E18DF1F8DC053005A0456 /* ActionSheetCustomPicker.m in Sources */,
				D71AE8761F70FBC5006F542B /* AdvisoryInfoViewController.m in Sources */,
				D73E18EC1F8DC053005A0456 /* MJPropertyKey.m in Sources */,
				D73E18EE1F8DC053005A0456 /* NSObject+MJClass.m in Sources */,
				D71AE8501F70AD0F006F542B /* maincellTableViewCell.m in Sources */,
				D73E18F21F8DC053005A0456 /* NSString+MJExtension.m in Sources */,
				D73E18E11F8DC053005A0456 /* ActionSheetDistancePicker.m in Sources */,
				D75AB2021F725FD8005E9BBE /* DiaryInfoViewController.m in Sources */,
				D7368F351F8F3D6600514742 /* UIView+SDExtension.m in Sources */,
				D73E18EA1F8DC053005A0456 /* MJFoundation.m in Sources */,
			);
			runOnlyForDeploymentPostprocessing = 0;
		};
		5DEA43AB1F6FB3A000486956 /* Sources */ = {
			isa = PBXSourcesBuildPhase;
			buildActionMask = 2147483647;
			files = (
				5DEA43B41F6FB3A000486956 /* Aishixi_XueShengTests.m in Sources */,
			);
			runOnlyForDeploymentPostprocessing = 0;
		};
		5DEA43B61F6FB3A000486956 /* Sources */ = {
			isa = PBXSourcesBuildPhase;
			buildActionMask = 2147483647;
			files = (
				5DEA43BF1F6FB3A000486956 /* Aishixi_XueShengUITests.m in Sources */,
			);
			runOnlyForDeploymentPostprocessing = 0;
		};
/* End PBXSourcesBuildPhase section */

/* Begin PBXTargetDependency section */
		5DEA43B11F6FB3A000486956 /* PBXTargetDependency */ = {
			isa = PBXTargetDependency;
			target = 5DEA43951F6FB3A000486956 /* Aishixi_XueSheng */;
			targetProxy = 5DEA43B01F6FB3A000486956 /* PBXContainerItemProxy */;
		};
		5DEA43BC1F6FB3A000486956 /* PBXTargetDependency */ = {
			isa = PBXTargetDependency;
			target = 5DEA43951F6FB3A000486956 /* Aishixi_XueSheng */;
			targetProxy = 5DEA43BB1F6FB3A000486956 /* PBXContainerItemProxy */;
		};
/* End PBXTargetDependency section */

/* Begin PBXVariantGroup section */
		5DEA43A21F6FB3A000486956 /* Main.storyboard */ = {
			isa = PBXVariantGroup;
			children = (
				5DEA43A31F6FB3A000486956 /* Base */,
			);
			name = Main.storyboard;
			sourceTree = "<group>";
		};
		5DEA43A71F6FB3A000486956 /* LaunchScreen.storyboard */ = {
			isa = PBXVariantGroup;
			children = (
				5DEA43A81F6FB3A000486956 /* Base */,
			);
			name = LaunchScreen.storyboard;
			sourceTree = "<group>";
		};
/* End PBXVariantGroup section */

/* Begin XCBuildConfiguration section */
		5DEA43C11F6FB3A000486956 /* Debug */ = {
			isa = XCBuildConfiguration;
			buildSettings = {
				ALWAYS_SEARCH_USER_PATHS = NO;
				CLANG_ANALYZER_NONNULL = YES;
				CLANG_ANALYZER_NUMBER_OBJECT_CONVERSION = YES_AGGRESSIVE;
				CLANG_CXX_LANGUAGE_STANDARD = "gnu++0x";
				CLANG_CXX_LIBRARY = "libc++";
				CLANG_ENABLE_MODULES = YES;
				CLANG_ENABLE_OBJC_ARC = YES;
				CLANG_WARN_BOOL_CONVERSION = YES;
				CLANG_WARN_CONSTANT_CONVERSION = YES;
				CLANG_WARN_DIRECT_OBJC_ISA_USAGE = YES_ERROR;
				CLANG_WARN_DOCUMENTATION_COMMENTS = YES;
				CLANG_WARN_EMPTY_BODY = YES;
				CLANG_WARN_ENUM_CONVERSION = YES;
				CLANG_WARN_INFINITE_RECURSION = YES;
				CLANG_WARN_INT_CONVERSION = YES;
				CLANG_WARN_OBJC_ROOT_CLASS = YES_ERROR;
				CLANG_WARN_SUSPICIOUS_MOVE = YES;
				CLANG_WARN_UNREACHABLE_CODE = YES;
				CLANG_WARN__DUPLICATE_METHOD_MATCH = YES;
				"CODE_SIGN_IDENTITY[sdk=iphoneos*]" = "iPhone Developer";
				COPY_PHASE_STRIP = NO;
				DEBUG_INFORMATION_FORMAT = dwarf;
				ENABLE_STRICT_OBJC_MSGSEND = YES;
				ENABLE_TESTABILITY = YES;
				GCC_C_LANGUAGE_STANDARD = gnu99;
				GCC_DYNAMIC_NO_PIC = NO;
				GCC_NO_COMMON_BLOCKS = YES;
				GCC_OPTIMIZATION_LEVEL = 0;
				GCC_PREPROCESSOR_DEFINITIONS = (
					"DEBUG=1",
					"$(inherited)",
				);
				GCC_WARN_64_TO_32_BIT_CONVERSION = YES;
				GCC_WARN_ABOUT_RETURN_TYPE = YES_ERROR;
				GCC_WARN_UNDECLARED_SELECTOR = YES;
				GCC_WARN_UNINITIALIZED_AUTOS = YES_AGGRESSIVE;
				GCC_WARN_UNUSED_FUNCTION = YES;
				GCC_WARN_UNUSED_VARIABLE = YES;
				IPHONEOS_DEPLOYMENT_TARGET = 10.3;
				MTL_ENABLE_DEBUG_INFO = YES;
				ONLY_ACTIVE_ARCH = YES;
				SDKROOT = iphoneos;
			};
			name = Debug;
		};
		5DEA43C21F6FB3A000486956 /* Release */ = {
			isa = XCBuildConfiguration;
			buildSettings = {
				ALWAYS_SEARCH_USER_PATHS = NO;
				CLANG_ANALYZER_NONNULL = YES;
				CLANG_ANALYZER_NUMBER_OBJECT_CONVERSION = YES_AGGRESSIVE;
				CLANG_CXX_LANGUAGE_STANDARD = "gnu++0x";
				CLANG_CXX_LIBRARY = "libc++";
				CLANG_ENABLE_MODULES = YES;
				CLANG_ENABLE_OBJC_ARC = YES;
				CLANG_WARN_BOOL_CONVERSION = YES;
				CLANG_WARN_CONSTANT_CONVERSION = YES;
				CLANG_WARN_DIRECT_OBJC_ISA_USAGE = YES_ERROR;
				CLANG_WARN_DOCUMENTATION_COMMENTS = YES;
				CLANG_WARN_EMPTY_BODY = YES;
				CLANG_WARN_ENUM_CONVERSION = YES;
				CLANG_WARN_INFINITE_RECURSION = YES;
				CLANG_WARN_INT_CONVERSION = YES;
				CLANG_WARN_OBJC_ROOT_CLASS = YES_ERROR;
				CLANG_WARN_SUSPICIOUS_MOVE = YES;
				CLANG_WARN_UNREACHABLE_CODE = YES;
				CLANG_WARN__DUPLICATE_METHOD_MATCH = YES;
				"CODE_SIGN_IDENTITY[sdk=iphoneos*]" = "iPhone Developer";
				COPY_PHASE_STRIP = NO;
				DEBUG_INFORMATION_FORMAT = "dwarf-with-dsym";
				ENABLE_NS_ASSERTIONS = NO;
				ENABLE_STRICT_OBJC_MSGSEND = YES;
				GCC_C_LANGUAGE_STANDARD = gnu99;
				GCC_NO_COMMON_BLOCKS = YES;
				GCC_WARN_64_TO_32_BIT_CONVERSION = YES;
				GCC_WARN_ABOUT_RETURN_TYPE = YES_ERROR;
				GCC_WARN_UNDECLARED_SELECTOR = YES;
				GCC_WARN_UNINITIALIZED_AUTOS = YES_AGGRESSIVE;
				GCC_WARN_UNUSED_FUNCTION = YES;
				GCC_WARN_UNUSED_VARIABLE = YES;
				IPHONEOS_DEPLOYMENT_TARGET = 10.3;
				MTL_ENABLE_DEBUG_INFO = NO;
				SDKROOT = iphoneos;
				VALIDATE_PRODUCT = YES;
			};
			name = Release;
		};
		5DEA43C41F6FB3A000486956 /* Debug */ = {
			isa = XCBuildConfiguration;
			baseConfigurationReference = D53ADF550F0463FFF74C6C0F /* Pods-Aishixi_XueSheng.debug.xcconfig */;
			buildSettings = {
				ASSETCATALOG_COMPILER_APPICON_NAME = AppIcon;
				DEVELOPMENT_TEAM = GP8BUACAG4;
				INFOPLIST_FILE = Aishixi_XueSheng/Info.plist;
				IPHONEOS_DEPLOYMENT_TARGET = 8.0;
				LD_RUNPATH_SEARCH_PATHS = "$(inherited) @executable_path/Frameworks";
				PRODUCT_BUNDLE_IDENTIFIER = "com.GuoYun.Aishixi-XueSheng";
				PRODUCT_NAME = "$(TARGET_NAME)";
			};
			name = Debug;
		};
		5DEA43C51F6FB3A000486956 /* Release */ = {
			isa = XCBuildConfiguration;
			baseConfigurationReference = 70C67E08E53B23DCAA31A9F0 /* Pods-Aishixi_XueSheng.release.xcconfig */;
			buildSettings = {
				ASSETCATALOG_COMPILER_APPICON_NAME = AppIcon;
				DEVELOPMENT_TEAM = GP8BUACAG4;
				INFOPLIST_FILE = Aishixi_XueSheng/Info.plist;
				IPHONEOS_DEPLOYMENT_TARGET = 8.0;
				LD_RUNPATH_SEARCH_PATHS = "$(inherited) @executable_path/Frameworks";
				PRODUCT_BUNDLE_IDENTIFIER = "com.GuoYun.Aishixi-XueSheng";
				PRODUCT_NAME = "$(TARGET_NAME)";
			};
			name = Release;
		};
		5DEA43C71F6FB3A000486956 /* Debug */ = {
			isa = XCBuildConfiguration;
			buildSettings = {
				BUNDLE_LOADER = "$(TEST_HOST)";
				DEVELOPMENT_TEAM = GP8BUACAG4;
				INFOPLIST_FILE = Aishixi_XueShengTests/Info.plist;
				LD_RUNPATH_SEARCH_PATHS = "$(inherited) @executable_path/Frameworks @loader_path/Frameworks";
				PRODUCT_BUNDLE_IDENTIFIER = "com.GuoYun.Aishixi-XueShengTests";
				PRODUCT_NAME = "$(TARGET_NAME)";
				TEST_HOST = "$(BUILT_PRODUCTS_DIR)/Aishixi_XueSheng.app/Aishixi_XueSheng";
			};
			name = Debug;
		};
		5DEA43C81F6FB3A000486956 /* Release */ = {
			isa = XCBuildConfiguration;
			buildSettings = {
				BUNDLE_LOADER = "$(TEST_HOST)";
				DEVELOPMENT_TEAM = GP8BUACAG4;
				INFOPLIST_FILE = Aishixi_XueShengTests/Info.plist;
				LD_RUNPATH_SEARCH_PATHS = "$(inherited) @executable_path/Frameworks @loader_path/Frameworks";
				PRODUCT_BUNDLE_IDENTIFIER = "com.GuoYun.Aishixi-XueShengTests";
				PRODUCT_NAME = "$(TARGET_NAME)";
				TEST_HOST = "$(BUILT_PRODUCTS_DIR)/Aishixi_XueSheng.app/Aishixi_XueSheng";
			};
			name = Release;
		};
		5DEA43CA1F6FB3A000486956 /* Debug */ = {
			isa = XCBuildConfiguration;
			buildSettings = {
				DEVELOPMENT_TEAM = GP8BUACAG4;
				INFOPLIST_FILE = Aishixi_XueShengUITests/Info.plist;
				LD_RUNPATH_SEARCH_PATHS = "$(inherited) @executable_path/Frameworks @loader_path/Frameworks";
				PRODUCT_BUNDLE_IDENTIFIER = "com.GuoYun.Aishixi-XueShengUITests";
				PRODUCT_NAME = "$(TARGET_NAME)";
				TEST_TARGET_NAME = Aishixi_XueSheng;
			};
			name = Debug;
		};
		5DEA43CB1F6FB3A000486956 /* Release */ = {
			isa = XCBuildConfiguration;
			buildSettings = {
				DEVELOPMENT_TEAM = GP8BUACAG4;
				INFOPLIST_FILE = Aishixi_XueShengUITests/Info.plist;
				LD_RUNPATH_SEARCH_PATHS = "$(inherited) @executable_path/Frameworks @loader_path/Frameworks";
				PRODUCT_BUNDLE_IDENTIFIER = "com.GuoYun.Aishixi-XueShengUITests";
				PRODUCT_NAME = "$(TARGET_NAME)";
				TEST_TARGET_NAME = Aishixi_XueSheng;
			};
			name = Release;
		};
/* End XCBuildConfiguration section */

/* Begin XCConfigurationList section */
		5DEA43911F6FB3A000486956 /* Build configuration list for PBXProject "Aishixi_XueSheng" */ = {
			isa = XCConfigurationList;
			buildConfigurations = (
				5DEA43C11F6FB3A000486956 /* Debug */,
				5DEA43C21F6FB3A000486956 /* Release */,
			);
			defaultConfigurationIsVisible = 0;
			defaultConfigurationName = Release;
		};
		5DEA43C31F6FB3A000486956 /* Build configuration list for PBXNativeTarget "Aishixi_XueSheng" */ = {
			isa = XCConfigurationList;
			buildConfigurations = (
				5DEA43C41F6FB3A000486956 /* Debug */,
				5DEA43C51F6FB3A000486956 /* Release */,
			);
			defaultConfigurationIsVisible = 0;
			defaultConfigurationName = Release;
		};
		5DEA43C61F6FB3A000486956 /* Build configuration list for PBXNativeTarget "Aishixi_XueShengTests" */ = {
			isa = XCConfigurationList;
			buildConfigurations = (
				5DEA43C71F6FB3A000486956 /* Debug */,
				5DEA43C81F6FB3A000486956 /* Release */,
			);
			defaultConfigurationIsVisible = 0;
			defaultConfigurationName = Release;
		};
		5DEA43C91F6FB3A000486956 /* Build configuration list for PBXNativeTarget "Aishixi_XueShengUITests" */ = {
			isa = XCConfigurationList;
			buildConfigurations = (
				5DEA43CA1F6FB3A000486956 /* Debug */,
				5DEA43CB1F6FB3A000486956 /* Release */,
			);
			defaultConfigurationIsVisible = 0;
			defaultConfigurationName = Release;
		};
/* End XCConfigurationList section */
	};
	rootObject = 5DEA438E1F6FB3A000486956 /* Project object */;
}
